
Microsoft Visual Studio Solution File, Format Version 12.00
# Visual Studio Version 17
VisualStudioVersion = 17.4.33122.133
MinimumVisualStudioVersion = 10.0.40219.1
Project("{FAE04EC0-301F-11D3-BF4B-00C04F79EFBC}") = "Shapes_Interface", "Shapes_Interface\Shapes_Interface.csproj", "{B0F13C80-A626-4A29-8A21-33A174CDB639}"
EndProject
Global
	GlobalSection(SolutionConfigurationPlatforms) = preSolution
		Debug|Any CPU = Debug|Any CPU
		Release|Any CPU = Release|Any CPU
	EndGlobalSection
	GlobalSection(ProjectConfigurationPlatforms) = postSolution
		{B0F13C80-A626-4A29-8A21-33A174CDB639}.Debug|Any CPU.ActiveCfg = Debug|Any CPU
		{B0F13C80-A626-4A29-8A21-33A174CDB639}.Debug|Any CPU.Build.0 = Debug|Any CPU
		{B0F13C80-A626-4A29-8A21-33A174CDB639}.Release|Any CPU.ActiveCfg = Release|Any CPU
		{B0F13C80-A626-4A29-8A21-33A174CDB639}.Release|Any CPU.Build.0 = Release|Any CPU
	EndGlobalSection
	GlobalSection(SolutionProperties) = preSolution
		HideSolutionNode = FALSE
	EndGlobalSection
	GlobalSection(ExtensibilityGlobals) = postSolution
		SolutionGuid = {B6191326-CC40-40D4-B0A6-E74F62904D40}
	EndGlobalSection
EndGlobal
